// !$*UTF8*$!
{
	archiveVersion = 1;
	classes = {
	};
	objectVersion = 77;
	objects = {

/* Begin PBXBuildFile section */
		47955490E90C21CD46BB23B0 /* Pods_JotMe.framework in Frameworks */ = {isa = PBXBuildFile; fileRef = C2E4D2567EAF5B5B63447242 /* Pods_JotMe.framework */; };
		CFFC43FA9A4913D73BB96685 /* Pods_JotMeTests.framework in Frameworks */ = {isa = PBXBuildFile; fileRef = 5BA633DD4A86912F8D5E455A /* Pods_JotMeTests.framework */; };
		F93C9DF846ADC132EA6789B7 /* Pods_JotMeUITests.framework in Frameworks */ = {isa = PBXBuildFile; fileRef = A2B3342FEE3E96C9DF8AFEEF /* Pods_JotMeUITests.framework */; };
/* End PBXBuildFile section */

/* Begin PBXContainerItemProxy section */
		496191022CDA8C4300281080 /* PBXContainerItemProxy */ = {
			isa = PBXContainerItemProxy;
			containerPortal = 496190E92CDA8C4200281080 /* Project object */;
			proxyType = 1;
			remoteGlobalIDString = 496190F02CDA8C4200281080;
			remoteInfo = JotMe;
		};
		4961910C2CDA8C4300281080 /* PBXContainerItemProxy */ = {
			isa = PBXContainerItemProxy;
			containerPortal = 496190E92CDA8C4200281080 /* Project object */;
			proxyType = 1;
			remoteGlobalIDString = 496190F02CDA8C4200281080;
			remoteInfo = JotMe;
		};
/* End PBXContainerItemProxy section */

/* Begin PBXFileReference section */
		04A53E59FB154F970F211389 /* Pods-JotMeTests.release.xcconfig */ = {isa = PBXFileReference; includeInIndex = 1; lastKnownFileType = text.xcconfig; name = "Pods-JotMeTests.release.xcconfig"; path = "Target Support Files/Pods-JotMeTests/Pods-JotMeTests.release.xcconfig"; sourceTree = "<group>"; };
		235EC2E84D4751E3F1A13ECE /* Pods-JotMe.debug.xcconfig */ = {isa = PBXFileReference; includeInIndex = 1; lastKnownFileType = text.xcconfig; name = "Pods-JotMe.debug.xcconfig"; path = "Target Support Files/Pods-JotMe/Pods-JotMe.debug.xcconfig"; sourceTree = "<group>"; };
		38B7FC9A68557A041ADFE3FE /* Pods-JotMeTests.debug.xcconfig */ = {isa = PBXFileReference; includeInIndex = 1; lastKnownFileType = text.xcconfig; name = "Pods-JotMeTests.debug.xcconfig"; path = "Target Support Files/Pods-JotMeTests/Pods-JotMeTests.debug.xcconfig"; sourceTree = "<group>"; };
		496190F12CDA8C4200281080 /* JotMe.app */ = {isa = PBXFileReference; explicitFileType = wrapper.application; includeInIndex = 0; path = JotMe.app; sourceTree = BUILT_PRODUCTS_DIR; };
		496191012CDA8C4300281080 /* JotMeTests.xctest */ = {isa = PBXFileReference; explicitFileType = wrapper.cfbundle; includeInIndex = 0; path = JotMeTests.xctest; sourceTree = BUILT_PRODUCTS_DIR; };
		4961910B2CDA8C4300281080 /* JotMeUITests.xctest */ = {isa = PBXFileReference; explicitFileType = wrapper.cfbundle; includeInIndex = 0; path = JotMeUITests.xctest; sourceTree = BUILT_PRODUCTS_DIR; };
		4B5375403809843CBA62AD01 /* Pods-JotMeUITests.release.xcconfig */ = {isa = PBXFileReference; includeInIndex = 1; lastKnownFileType = text.xcconfig; name = "Pods-JotMeUITests.release.xcconfig"; path = "Target Support Files/Pods-JotMeUITests/Pods-JotMeUITests.release.xcconfig"; sourceTree = "<group>"; };
		537D37D799F3D827B90A68D4 /* Pods-JotMe.release.xcconfig */ = {isa = PBXFileReference; includeInIndex = 1; lastKnownFileType = text.xcconfig; name = "Pods-JotMe.release.xcconfig"; path = "Target Support Files/Pods-JotMe/Pods-JotMe.release.xcconfig"; sourceTree = "<group>"; };
		5BA633DD4A86912F8D5E455A /* Pods_JotMeTests.framework */ = {isa = PBXFileReference; explicitFileType = wrapper.framework; includeInIndex = 0; path = Pods_JotMeTests.framework; sourceTree = BUILT_PRODUCTS_DIR; };
		A2B3342FEE3E96C9DF8AFEEF /* Pods_JotMeUITests.framework */ = {isa = PBXFileReference; explicitFileType = wrapper.framework; includeInIndex = 0; path = Pods_JotMeUITests.framework; sourceTree = BUILT_PRODUCTS_DIR; };
		AC46A154A522B422B25AF446 /* Pods-JotMeUITests.debug.xcconfig */ = {isa = PBXFileReference; includeInIndex = 1; lastKnownFileType = text.xcconfig; name = "Pods-JotMeUITests.debug.xcconfig"; path = "Target Support Files/Pods-JotMeUITests/Pods-JotMeUITests.debug.xcconfig"; sourceTree = "<group>"; };
		C2E4D2567EAF5B5B63447242 /* Pods_JotMe.framework */ = {isa = PBXFileReference; explicitFileType = wrapper.framework; includeInIndex = 0; path = Pods_JotMe.framework; sourceTree = BUILT_PRODUCTS_DIR; };
/* End PBXFileReference section */

/* Begin PBXFileSystemSynchronizedBuildFileExceptionSet section */
		49EB805D2CDA94C4001AB2D3 /* Exceptions for "JotMe" folder in "JotMe" target */ = {
			isa = PBXFileSystemSynchronizedBuildFileExceptionSet;
			membershipExceptions = (
				Info.plist,
			);
			target = 496190F02CDA8C4200281080 /* JotMe */;
		};
/* End PBXFileSystemSynchronizedBuildFileExceptionSet section */

/* Begin PBXFileSystemSynchronizedRootGroup section */
		496190F32CDA8C4200281080 /* JotMe */ = {
			isa = PBXFileSystemSynchronizedRootGroup;
			exceptions = (
				49EB805D2CDA94C4001AB2D3 /* Exceptions for "JotMe" folder in "JotMe" target */,
			);
			path = JotMe;
			sourceTree = "<group>";
		};
		496191042CDA8C4300281080 /* JotMeTests */ = {
			isa = PBXFileSystemSynchronizedRootGroup;
			path = JotMeTests;
			sourceTree = "<group>";
		};
		4961910E2CDA8C4300281080 /* JotMeUITests */ = {
			isa = PBXFileSystemSynchronizedRootGroup;
			path = JotMeUITests;
			sourceTree = "<group>";
		};
/* End PBXFileSystemSynchronizedRootGroup section */

/* Begin PBXFrameworksBuildPhase section */
		496190EE2CDA8C4200281080 /* Frameworks */ = {
			isa = PBXFrameworksBuildPhase;
			buildActionMask = 2147483647;
			files = (
				47955490E90C21CD46BB23B0 /* Pods_JotMe.framework in Frameworks */,
			);
			runOnlyForDeploymentPostprocessing = 0;
		};
		496190FE2CDA8C4300281080 /* Frameworks */ = {
			isa = PBXFrameworksBuildPhase;
			buildActionMask = 2147483647;
			files = (
				CFFC43FA9A4913D73BB96685 /* Pods_JotMeTests.framework in Frameworks */,
			);
			runOnlyForDeploymentPostprocessing = 0;
		};
		496191082CDA8C4300281080 /* Frameworks */ = {
			isa = PBXFrameworksBuildPhase;
			buildActionMask = 2147483647;
			files = (
				F93C9DF846ADC132EA6789B7 /* Pods_JotMeUITests.framework in Frameworks */,
			);
			runOnlyForDeploymentPostprocessing = 0;
		};
/* End PBXFrameworksBuildPhase section */

/* Begin PBXGroup section */
		3CA98F0E0964A57A8E510840 /* Frameworks */ = {
			isa = PBXGroup;
			children = (
				C2E4D2567EAF5B5B63447242 /* Pods_JotMe.framework */,
				5BA633DD4A86912F8D5E455A /* Pods_JotMeTests.framework */,
				A2B3342FEE3E96C9DF8AFEEF /* Pods_JotMeUITests.framework */,
			);
			name = Frameworks;
			sourceTree = "<group>";
		};
		496190E82CDA8C4200281080 = {
			isa = PBXGroup;
			children = (
				496190F32CDA8C4200281080 /* JotMe */,
				496191042CDA8C4300281080 /* JotMeTests */,
				4961910E2CDA8C4300281080 /* JotMeUITests */,
				496190F22CDA8C4200281080 /* Products */,
				CC1F7153FE90647289299D47 /* Pods */,
				3CA98F0E0964A57A8E510840 /* Frameworks */,
			);
			sourceTree = "<group>";
		};
		496190F22CDA8C4200281080 /* Products */ = {
			isa = PBXGroup;
			children = (
				496190F12CDA8C4200281080 /* JotMe.app */,
				496191012CDA8C4300281080 /* JotMeTests.xctest */,
				4961910B2CDA8C4300281080 /* JotMeUITests.xctest */,
			);
			name = Products;
			sourceTree = "<group>";
		};
		CC1F7153FE90647289299D47 /* Pods */ = {
			isa = PBXGroup;
			children = (
				235EC2E84D4751E3F1A13ECE /* Pods-JotMe.debug.xcconfig */,
				537D37D799F3D827B90A68D4 /* Pods-JotMe.release.xcconfig */,
				38B7FC9A68557A041ADFE3FE /* Pods-JotMeTests.debug.xcconfig */,
				04A53E59FB154F970F211389 /* Pods-JotMeTests.release.xcconfig */,
				AC46A154A522B422B25AF446 /* Pods-JotMeUITests.debug.xcconfig */,
				4B5375403809843CBA62AD01 /* Pods-JotMeUITests.release.xcconfig */,
			);
			name = Pods;
			path = ../Pods;
			sourceTree = "<group>";
		};
/* End PBXGroup section */

/* Begin PBXNativeTarget section */
		496190F02CDA8C4200281080 /* JotMe */ = {
			isa = PBXNativeTarget;
			buildConfigurationList = 496191152CDA8C4300281080 /* Build configuration list for PBXNativeTarget "JotMe" */;
			buildPhases = (
				E7E867E2C3098B3040A61586 /* [CP] Check Pods Manifest.lock */,
				496190ED2CDA8C4200281080 /* Sources */,
				496190EE2CDA8C4200281080 /* Frameworks */,
				496190EF2CDA8C4200281080 /* Resources */,
				B9A7082DDF312553902D6C2B /* [CP] Embed Pods Frameworks */,
			);
			buildRules = (
			);
			dependencies = (
			);
			fileSystemSynchronizedGroups = (
				496190F32CDA8C4200281080 /* JotMe */,
			);
			name = JotMe;
			productName = JotMe;
			productReference = 496190F12CDA8C4200281080 /* JotMe.app */;
			productType = "com.apple.product-type.application";
		};
		496191002CDA8C4300281080 /* JotMeTests */ = {
			isa = PBXNativeTarget;
			buildConfigurationList = 496191182CDA8C4300281080 /* Build configuration list for PBXNativeTarget "JotMeTests" */;
			buildPhases = (
				2DEEE50A3B22F6B21C4F75FF /* [CP] Check Pods Manifest.lock */,
				496190FD2CDA8C4300281080 /* Sources */,
				496190FE2CDA8C4300281080 /* Frameworks */,
				496190FF2CDA8C4300281080 /* Resources */,
			);
			buildRules = (
			);
			dependencies = (
				496191032CDA8C4300281080 /* PBXTargetDependency */,
			);
			fileSystemSynchronizedGroups = (
				496191042CDA8C4300281080 /* JotMeTests */,
			);
			name = JotMeTests;
			productName = JotMeTests;
			productReference = 496191012CDA8C4300281080 /* JotMeTests.xctest */;
			productType = "com.apple.product-type.bundle.unit-test";
		};
		4961910A2CDA8C4300281080 /* JotMeUITests */ = {
			isa = PBXNativeTarget;
			buildConfigurationList = 4961911B2CDA8C4300281080 /* Build configuration list for PBXNativeTarget "JotMeUITests" */;
			buildPhases = (
				98FA158330D2FC48A496F929 /* [CP] Check Pods Manifest.lock */,
				496191072CDA8C4300281080 /* Sources */,
				496191082CDA8C4300281080 /* Frameworks */,
				496191092CDA8C4300281080 /* Resources */,
			);
			buildRules = (
			);
			dependencies = (
				4961910D2CDA8C4300281080 /* PBXTargetDependency */,
			);
			fileSystemSynchronizedGroups = (
				4961910E2CDA8C4300281080 /* JotMeUITests */,
			);
			name = JotMeUITests;
			productName = JotMeUITests;
			productReference = 4961910B2CDA8C4300281080 /* JotMeUITests.xctest */;
			productType = "com.apple.product-type.bundle.ui-testing";
		};
/* End PBXNativeTarget section */

/* Begin PBXProject section */
		496190E92CDA8C4200281080 /* Project object */ = {
			isa = PBXProject;
			attributes = {
				BuildIndependentTargetsInParallel = 1;
				LastSwiftUpdateCheck = 1600;
				LastUpgradeCheck = 1600;
				TargetAttributes = {
					496190F02CDA8C4200281080 = {
						CreatedOnToolsVersion = 16.0;
					};
					496191002CDA8C4300281080 = {
						CreatedOnToolsVersion = 16.0;
						TestTargetID = 496190F02CDA8C4200281080;
					};
					4961910A2CDA8C4300281080 = {
						CreatedOnToolsVersion = 16.0;
						TestTargetID = 496190F02CDA8C4200281080;
					};
				};
			};
			buildConfigurationList = 496190EC2CDA8C4200281080 /* Build configuration list for PBXProject "JotMe" */;
			developmentRegion = en;
			hasScannedForEncodings = 0;
			knownRegions = (
				en,
				Base,
			);
			mainGroup = 496190E82CDA8C4200281080;
			minimizedProjectReferenceProxies = 1;
			preferredProjectObjectVersion = 77;
			productRefGroup = 496190F22CDA8C4200281080 /* Products */;
			projectDirPath = "";
			projectRoot = "";
			targets = (
				496190F02CDA8C4200281080 /* JotMe */,
				496191002CDA8C4300281080 /* JotMeTests */,
				4961910A2CDA8C4300281080 /* JotMeUITests */,
			);
		};
/* End PBXProject section */

/* Begin PBXResourcesBuildPhase section */
		496190EF2CDA8C4200281080 /* Resources */ = {
			isa = PBXResourcesBuildPhase;
			buildActionMask = 2147483647;
			files = (
			);
			runOnlyForDeploymentPostprocessing = 0;
		};
		496190FF2CDA8C4300281080 /* Resources */ = {
			isa = PBXResourcesBuildPhase;
			buildActionMask = 2147483647;
			files = (
			);
			runOnlyForDeploymentPostprocessing = 0;
		};
		496191092CDA8C4300281080 /* Resources */ = {
			isa = PBXResourcesBuildPhase;
			buildActionMask = 2147483647;
			files = (
			);
			runOnlyForDeploymentPostprocessing = 0;
		};
/* End PBXResourcesBuildPhase section */

/* Begin PBXShellScriptBuildPhase section */
		2DEEE50A3B22F6B21C4F75FF /* [CP] Check Pods Manifest.lock */ = {
			isa = PBXShellScriptBuildPhase;
			buildActionMask = 2147483647;
			files = (
			);
			inputFileListPaths = (
			);
			inputPaths = (
				"${PODS_PODFILE_DIR_PATH}/Podfile.lock",
				"${PODS_ROOT}/Manifest.lock",
			);
			name = "[CP] Check Pods Manifest.lock";
			outputFileListPaths = (
			);
			outputPaths = (
				"$(DERIVED_FILE_DIR)/Pods-JotMeTests-checkManifestLockResult.txt",
			);
			runOnlyForDeploymentPostprocessing = 0;
			shellPath = /bin/sh;
			shellScript = "diff \"${PODS_PODFILE_DIR_PATH}/Podfile.lock\" \"${PODS_ROOT}/Manifest.lock\" > /dev/null\nif [ $? != 0 ] ; then\n    # print error to STDERR\n    echo \"error: The sandbox is not in sync with the Podfile.lock. Run 'pod install' or update your CocoaPods installation.\" >&2\n    exit 1\nfi\n# This output is used by Xcode 'outputs' to avoid re-running this script phase.\necho \"SUCCESS\" > \"${SCRIPT_OUTPUT_FILE_0}\"\n";
			showEnvVarsInLog = 0;
		};
		98FA158330D2FC48A496F929 /* [CP] Check Pods Manifest.lock */ = {
			isa = PBXShellScriptBuildPhase;
			buildActionMask = 2147483647;
			files = (
			);
			inputFileListPaths = (
			);
			inputPaths = (
				"${PODS_PODFILE_DIR_PATH}/Podfile.lock",
				"${PODS_ROOT}/Manifest.lock",
			);
			name = "[CP] Check Pods Manifest.lock";
			outputFileListPaths = (
			);
			outputPaths = (
				"$(DERIVED_FILE_DIR)/Pods-JotMeUITests-checkManifestLockResult.txt",
			);
			runOnlyForDeploymentPostprocessing = 0;
			shellPath = /bin/sh;
			shellScript = "diff \"${PODS_PODFILE_DIR_PATH}/Podfile.lock\" \"${PODS_ROOT}/Manifest.lock\" > /dev/null\nif [ $? != 0 ] ; then\n    # print error to STDERR\n    echo \"error: The sandbox is not in sync with the Podfile.lock. Run 'pod install' or update your CocoaPods installation.\" >&2\n    exit 1\nfi\n# This output is used by Xcode 'outputs' to avoid re-running this script phase.\necho \"SUCCESS\" > \"${SCRIPT_OUTPUT_FILE_0}\"\n";
			showEnvVarsInLog = 0;
		};
		B9A7082DDF312553902D6C2B /* [CP] Embed Pods Frameworks */ = {
			isa = PBXShellScriptBuildPhase;
			buildActionMask = 2147483647;
			files = (
			);
			inputFileListPaths = (
				"${PODS_ROOT}/Target Support Files/Pods-JotMe/Pods-JotMe-frameworks-${CONFIGURATION}-input-files.xcfilelist",
			);
			name = "[CP] Embed Pods Frameworks";
			outputFileListPaths = (
				"${PODS_ROOT}/Target Support Files/Pods-JotMe/Pods-JotMe-frameworks-${CONFIGURATION}-output-files.xcfilelist",
			);
			runOnlyForDeploymentPostprocessing = 0;
			shellPath = /bin/sh;
			shellScript = "\"${PODS_ROOT}/Target Support Files/Pods-JotMe/Pods-JotMe-frameworks.sh\"\n";
			showEnvVarsInLog = 0;
		};
		E7E867E2C3098B3040A61586 /* [CP] Check Pods Manifest.lock */ = {
			isa = PBXShellScriptBuildPhase;
			buildActionMask = 2147483647;
			files = (
			);
			inputFileListPaths = (
			);
			inputPaths = (
				"${PODS_PODFILE_DIR_PATH}/Podfile.lock",
				"${PODS_ROOT}/Manifest.lock",
			);
			name = "[CP] Check Pods Manifest.lock";
			outputFileListPaths = (
			);
			outputPaths = (
				"$(DERIVED_FILE_DIR)/Pods-JotMe-checkManifestLockResult.txt",
			);
			runOnlyForDeploymentPostprocessing = 0;
			shellPath = /bin/sh;
			shellScript = "diff \"${PODS_PODFILE_DIR_PATH}/Podfile.lock\" \"${PODS_ROOT}/Manifest.lock\" > /dev/null\nif [ $? != 0 ] ; then\n    # print error to STDERR\n    echo \"error: The sandbox is not in sync with the Podfile.lock. Run 'pod install' or update your CocoaPods installation.\" >&2\n    exit 1\nfi\n# This output is used by Xcode 'outputs' to avoid re-running this script phase.\necho \"SUCCESS\" > \"${SCRIPT_OUTPUT_FILE_0}\"\n";
			showEnvVarsInLog = 0;
		};
/* End PBXShellScriptBuildPhase section */

/* Begin PBXSourcesBuildPhase section */
		496190ED2CDA8C4200281080 /* Sources */ = {
			isa = PBXSourcesBuildPhase;
			buildActionMask = 2147483647;
			files = (
			);
			runOnlyForDeploymentPostprocessing = 0;
		};
		496190FD2CDA8C4300281080 /* Sources */ = {
			isa = PBXSourcesBuildPhase;
			buildActionMask = 2147483647;
			files = (
			);
			runOnlyForDeploymentPostprocessing = 0;
		};
		496191072CDA8C4300281080 /* Sources */ = {
			isa = PBXSourcesBuildPhase;
			buildActionMask = 2147483647;
			files = (
			);
			runOnlyForDeploymentPostprocessing = 0;
		};
/* End PBXSourcesBuildPhase section */

/* Begin PBXTargetDependency section */
		496191032CDA8C4300281080 /* PBXTargetDependency */ = {
			isa = PBXTargetDependency;
			target = 496190F02CDA8C4200281080 /* JotMe */;
			targetProxy = 496191022CDA8C4300281080 /* PBXContainerItemProxy */;
		};
		4961910D2CDA8C4300281080 /* PBXTargetDependency */ = {
			isa = PBXTargetDependency;
			target = 496190F02CDA8C4200281080 /* JotMe */;
			targetProxy = 4961910C2CDA8C4300281080 /* PBXContainerItemProxy */;
		};
/* End PBXTargetDependency section */

/* Begin XCBuildConfiguration section */
		496191132CDA8C4300281080 /* Debug */ = {
			isa = XCBuildConfiguration;
			buildSettings = {
				ALWAYS_SEARCH_USER_PATHS = NO;
				ASSETCATALOG_COMPILER_GENERATE_SWIFT_ASSET_SYMBOL_EXTENSIONS = YES;
				CLANG_ANALYZER_NONNULL = YES;
				CLANG_ANALYZER_NUMBER_OBJECT_CONVERSION = YES_AGGRESSIVE;
				CLANG_CXX_LANGUAGE_STANDARD = "gnu++20";
				CLANG_ENABLE_MODULES = YES;
				CLANG_ENABLE_OBJC_ARC = YES;
				CLANG_ENABLE_OBJC_WEAK = YES;
				CLANG_WARN_BLOCK_CAPTURE_AUTORELEASING = YES;
				CLANG_WARN_BOOL_CONVERSION = YES;
				CLANG_WARN_COMMA = YES;
				CLANG_WARN_CONSTANT_CONVERSION = YES;
				CLANG_WARN_DEPRECATED_OBJC_IMPLEMENTATIONS = YES;
				CLANG_WARN_DIRECT_OBJC_ISA_USAGE = YES_ERROR;
				CLANG_WARN_DOCUMENTATION_COMMENTS = YES;
				CLANG_WARN_EMPTY_BODY = YES;
				CLANG_WARN_ENUM_CONVERSION = YES;
				CLANG_WARN_INFINITE_RECURSION = YES;
				CLANG_WARN_INT_CONVERSION = YES;
				CLANG_WARN_NON_LITERAL_NULL_CONVERSION = YES;
				CLANG_WARN_OBJC_IMPLICIT_RETAIN_SELF = YES;
				CLANG_WARN_OBJC_LITERAL_CONVERSION = YES;
				CLANG_WARN_OBJC_ROOT_CLASS = YES_ERROR;
				CLANG_WARN_QUOTED_INCLUDE_IN_FRAMEWORK_HEADER = YES;
				CLANG_WARN_RANGE_LOOP_ANALYSIS = YES;
				CLANG_WARN_STRICT_PROTOTYPES = YES;
				CLANG_WARN_SUSPICIOUS_MOVE = YES;
				CLANG_WARN_UNGUARDED_AVAILABILITY = YES_AGGRESSIVE;
				CLANG_WARN_UNREACHABLE_CODE = YES;
				CLANG_WARN__DUPLICATE_METHOD_MATCH = YES;
				COPY_PHASE_STRIP = NO;
				DEBUG_INFORMATION_FORMAT = dwarf;
				ENABLE_STRICT_OBJC_MSGSEND = YES;
				ENABLE_TESTABILITY = YES;
				ENABLE_USER_SCRIPT_SANDBOXING = NO;
				GCC_C_LANGUAGE_STANDARD = gnu17;
				GCC_DYNAMIC_NO_PIC = NO;
				GCC_NO_COMMON_BLOCKS = YES;
				GCC_OPTIMIZATION_LEVEL = 0;
				GCC_PREPROCESSOR_DEFINITIONS = (
					"DEBUG=1",
					"$(inherited)",
				);
				GCC_WARN_64_TO_32_BIT_CONVERSION = YES;
				GCC_WARN_ABOUT_RETURN_TYPE = YES_ERROR;
				GCC_WARN_UNDECLARED_SELECTOR = YES;
				GCC_WARN_UNINITIALIZED_AUTOS = YES_AGGRESSIVE;
				GCC_WARN_UNUSED_FUNCTION = YES;
				GCC_WARN_UNUSED_VARIABLE = YES;
				IPHONEOS_DEPLOYMENT_TARGET = 18.0;
				LOCALIZATION_PREFERS_STRING_CATALOGS = YES;
				MTL_ENABLE_DEBUG_INFO = INCLUDE_SOURCE;
				MTL_FAST_MATH = YES;
				ONLY_ACTIVE_ARCH = YES;
				SDKROOT = iphoneos;
				SWIFT_ACTIVE_COMPILATION_CONDITIONS = "DEBUG $(inherited)";
				SWIFT_OPTIMIZATION_LEVEL = "-Onone";
			};
			name = Debug;
		};
		496191142CDA8C4300281080 /* Release */ = {
			isa = XCBuildConfiguration;
			buildSettings = {
				ALWAYS_SEARCH_USER_PATHS = NO;
				ASSETCATALOG_COMPILER_GENERATE_SWIFT_ASSET_SYMBOL_EXTENSIONS = YES;
				CLANG_ANALYZER_NONNULL = YES;
				CLANG_ANALYZER_NUMBER_OBJECT_CONVERSION = YES_AGGRESSIVE;
				CLANG_CXX_LANGUAGE_STANDARD = "gnu++20";
				CLANG_ENABLE_MODULES = YES;
				CLANG_ENABLE_OBJC_ARC = YES;
				CLANG_ENABLE_OBJC_WEAK = YES;
				CLANG_WARN_BLOCK_CAPTURE_AUTORELEASING = YES;
				CLANG_WARN_BOOL_CONVERSION = YES;
				CLANG_WARN_COMMA = YES;
				CLANG_WARN_CONSTANT_CONVERSION = YES;
				CLANG_WARN_DEPRECATED_OBJC_IMPLEMENTATIONS = YES;
				CLANG_WARN_DIRECT_OBJC_ISA_USAGE = YES_ERROR;
				CLANG_WARN_DOCUMENTATION_COMMENTS = YES;
				CLANG_WARN_EMPTY_BODY = YES;
				CLANG_WARN_ENUM_CONVERSION = YES;
				CLANG_WARN_INFINITE_RECURSION = YES;
				CLANG_WARN_INT_CONVERSION = YES;
				CLANG_WARN_NON_LITERAL_NULL_CONVERSION = YES;
				CLANG_WARN_OBJC_IMPLICIT_RETAIN_SELF = YES;
				CLANG_WARN_OBJC_LITERAL_CONVERSION = YES;
				CLANG_WARN_OBJC_ROOT_CLASS = YES_ERROR;
				CLANG_WARN_QUOTED_INCLUDE_IN_FRAMEWORK_HEADER = YES;
				CLANG_WARN_RANGE_LOOP_ANALYSIS = YES;
				CLANG_WARN_STRICT_PROTOTYPES = YES;
				CLANG_WARN_SUSPICIOUS_MOVE = YES;
				CLANG_WARN_UNGUARDED_AVAILABILITY = YES_AGGRESSIVE;
				CLANG_WARN_UNREACHABLE_CODE = YES;
				CLANG_WARN__DUPLICATE_METHOD_MATCH = YES;
				COPY_PHASE_STRIP = NO;
				DEBUG_INFORMATION_FORMAT = "dwarf-with-dsym";
				ENABLE_NS_ASSERTIONS = NO;
				ENABLE_STRICT_OBJC_MSGSEND = YES;
				ENABLE_USER_SCRIPT_SANDBOXING = NO;
				GCC_C_LANGUAGE_STANDARD = gnu17;
				GCC_NO_COMMON_BLOCKS = YES;
				GCC_WARN_64_TO_32_BIT_CONVERSION = YES;
				GCC_WARN_ABOUT_RETURN_TYPE = YES_ERROR;
				GCC_WARN_UNDECLARED_SELECTOR = YES;
				GCC_WARN_UNINITIALIZED_AUTOS = YES_AGGRESSIVE;
				GCC_WARN_UNUSED_FUNCTION = YES;
				GCC_WARN_UNUSED_VARIABLE = YES;
				IPHONEOS_DEPLOYMENT_TARGET = 18.0;
				LOCALIZATION_PREFERS_STRING_CATALOGS = YES;
				MTL_ENABLE_DEBUG_INFO = NO;
				MTL_FAST_MATH = YES;
				SDKROOT = iphoneos;
				SWIFT_COMPILATION_MODE = wholemodule;
				VALIDATE_PRODUCT = YES;
			};
			name = Release;
		};
		496191162CDA8C4300281080 /* Debug */ = {
			isa = XCBuildConfiguration;
			baseConfigurationReference = 235EC2E84D4751E3F1A13ECE /* Pods-JotMe.debug.xcconfig */;
			buildSettings = {
				ASSETCATALOG_COMPILER_APPICON_NAME = AppIcon;
				ASSETCATALOG_COMPILER_GLOBAL_ACCENT_COLOR_NAME = AccentColor;
				CODE_SIGN_STYLE = Automatic;
				CURRENT_PROJECT_VERSION = 1;
				DEVELOPMENT_ASSET_PATHS = "\"JotMe/Preview Content\"";
				DEVELOPMENT_TEAM = 28BT7C55L2;
				ENABLE_PREVIEWS = YES;
				GENERATE_INFOPLIST_FILE = YES;
				INFOPLIST_FILE = JotMe/Info.plist;
				INFOPLIST_KEY_NSMicrophoneUsageDescription = "Uses Microphone to record Jots!";
				INFOPLIST_KEY_NSSpeechRecognitionUsageDescription = "Uses Speech Recognition to add jots!";
				INFOPLIST_KEY_UIApplicationSceneManifest_Generation = YES;
				INFOPLIST_KEY_UIApplicationSupportsIndirectInputEvents = YES;
				INFOPLIST_KEY_UILaunchScreen_Generation = YES;
				INFOPLIST_KEY_UISupportedInterfaceOrientations_iPad = "UIInterfaceOrientationPortrait UIInterfaceOrientationPortraitUpsideDown UIInterfaceOrientationLandscapeLeft UIInterfaceOrientationLandscapeRight";
				INFOPLIST_KEY_UISupportedInterfaceOrientations_iPhone = "UIInterfaceOrientationPortrait UIInterfaceOrientationLandscapeLeft UIInterfaceOrientationLandscapeRight";
				IPHONEOS_DEPLOYMENT_TARGET = 16.6;
				LD_RUNPATH_SEARCH_PATHS = (
					"$(inherited)",
					"@executable_path/Frameworks",
				);
				MARKETING_VERSION = 1.0;
				PRODUCT_BUNDLE_IDENTIFIER = "com.e-overhaul.JotMe";
				PRODUCT_NAME = "$(TARGET_NAME)";
				SWIFT_EMIT_LOC_STRINGS = YES;
				SWIFT_VERSION = 5.0;
				TARGETED_DEVICE_FAMILY = "1,2";
			};
			name = Debug;
		};
		496191172CDA8C4300281080 /* Release */ = {
			isa = XCBuildConfiguration;
			baseConfigurationReference = 537D37D799F3D827B90A68D4 /* Pods-JotMe.release.xcconfig */;
			buildSettings = {
				ASSETCATALOG_COMPILER_APPICON_NAME = AppIcon;
				ASSETCATALOG_COMPILER_GLOBAL_ACCENT_COLOR_NAME = AccentColor;
				CODE_SIGN_STYLE = Automatic;
				CURRENT_PROJECT_VERSION = 1;
				DEVELOPMENT_ASSET_PATHS = "\"JotMe/Preview Content\"";
				DEVELOPMENT_TEAM = 28BT7C55L2;
				ENABLE_PREVIEWS = YES;
				GENERATE_INFOPLIST_FILE = YES;
				INFOPLIST_FILE = JotMe/Info.plist;
				INFOPLIST_KEY_NSMicrophoneUsageDescription = "Uses Microphone to record Jots!";
				INFOPLIST_KEY_NSSpeechRecognitionUsageDescription = "Uses Speech Recognition to add jots!";
				INFOPLIST_KEY_UIApplicationSceneManifest_Generation = YES;
				INFOPLIST_KEY_UIApplicationSupportsIndirectInputEvents = YES;
				INFOPLIST_KEY_UILaunchScreen_Generation = YES;
				INFOPLIST_KEY_UISupportedInterfaceOrientations_iPad = "UIInterfaceOrientationPortrait UIInterfaceOrientationPortraitUpsideDown UIInterfaceOrientationLandscapeLeft UIInterfaceOrientationLandscapeRight";
				INFOPLIST_KEY_UISupportedInterfaceOrientations_iPhone = "UIInterfaceOrientationPortrait UIInterfaceOrientationLandscapeLeft UIInterfaceOrientationLandscapeRight";
				IPHONEOS_DEPLOYMENT_TARGET = 16.6;
				LD_RUNPATH_SEARCH_PATHS = (
					"$(inherited)",
					"@executable_path/Frameworks",
				);
				MARKETING_VERSION = 1.0;
				PRODUCT_BUNDLE_IDENTIFIER = "com.e-overhaul.JotMe";
				PRODUCT_NAME = "$(TARGET_NAME)";
				SWIFT_EMIT_LOC_STRINGS = YES;
				SWIFT_VERSION = 5.0;
				TARGETED_DEVICE_FAMILY = "1,2";
			};
			name = Release;
		};
		496191192CDA8C4300281080 /* Debug */ = {
			isa = XCBuildConfiguration;
			baseConfigurationReference = 38B7FC9A68557A041ADFE3FE /* Pods-JotMeTests.debug.xcconfig */;
			buildSettings = {
				BUNDLE_LOADER = "$(TEST_HOST)";
				CODE_SIGN_STYLE = Automatic;
				CURRENT_PROJECT_VERSION = 1;
				DEVELOPMENT_TEAM = 28BT7C55L2;
				GENERATE_INFOPLIST_FILE = YES;
				IPHONEOS_DEPLOYMENT_TARGET = 18.0;
				MARKETING_VERSION = 1.0;
				PRODUCT_BUNDLE_IDENTIFIER = "com.e-overhaul.JotMeTests";
				PRODUCT_NAME = "$(TARGET_NAME)";
				SWIFT_EMIT_LOC_STRINGS = NO;
				SWIFT_VERSION = 5.0;
				TARGETED_DEVICE_FAMILY = "1,2";
				TEST_HOST = "$(BUILT_PRODUCTS_DIR)/JotMe.app/$(BUNDLE_EXECUTABLE_FOLDER_PATH)/JotMe";
			};
			name = Debug;
		};
		4961911A2CDA8C4300281080 /* Release */ = {
			isa = XCBuildConfiguration;
			baseConfigurationReference = 04A53E59FB154F970F211389 /* Pods-JotMeTests.release.xcconfig */;
			buildSettings = {
				BUNDLE_LOADER = "$(TEST_HOST)";
				CODE_SIGN_STYLE = Automatic;
				CURRENT_PROJECT_VERSION = 1;
				DEVELOPMENT_TEAM = 28BT7C55L2;
				GENERATE_INFOPLIST_FILE = YES;
				IPHONEOS_DEPLOYMENT_TARGET = 18.0;
				MARKETING_VERSION = 1.0;
				PRODUCT_BUNDLE_IDENTIFIER = "com.e-overhaul.JotMeTests";
				PRODUCT_NAME = "$(TARGET_NAME)";
				SWIFT_EMIT_LOC_STRINGS = NO;
				SWIFT_VERSION = 5.0;
				TARGETED_DEVICE_FAMILY = "1,2";
				TEST_HOST = "$(BUILT_PRODUCTS_DIR)/JotMe.app/$(BUNDLE_EXECUTABLE_FOLDER_PATH)/JotMe";
			};
			name = Release;
		};
		4961911C2CDA8C4300281080 /* Debug */ = {
			isa = XCBuildConfiguration;
			baseConfigurationReference = AC46A154A522B422B25AF446 /* Pods-JotMeUITests.debug.xcconfig */;
			buildSettings = {
				CODE_SIGN_STYLE = Automatic;
				CURRENT_PROJECT_VERSION = 1;
				DEVELOPMENT_TEAM = 28BT7C55L2;
				GENERATE_INFOPLIST_FILE = YES;
				MARKETING_VERSION = 1.0;
				PRODUCT_BUNDLE_IDENTIFIER = "com.e-overhaul.JotMeUITests";
				PRODUCT_NAME = "$(TARGET_NAME)";
				SWIFT_EMIT_LOC_STRINGS = NO;
				SWIFT_VERSION = 5.0;
				TARGETED_DEVICE_FAMILY = "1,2";
				TEST_TARGET_NAME = JotMe;
			};
			name = Debug;
		};
		4961911D2CDA8C4300281080 /* Release */ = {
			isa = XCBuildConfiguration;
			baseConfigurationReference = 4B5375403809843CBA62AD01 /* Pods-JotMeUITests.release.xcconfig */;
			buildSettings = {
				CODE_SIGN_STYLE = Automatic;
				CURRENT_PROJECT_VERSION = 1;
				DEVELOPMENT_TEAM = 28BT7C55L2;
				GENERATE_INFOPLIST_FILE = YES;
				MARKETING_VERSION = 1.0;
				PRODUCT_BUNDLE_IDENTIFIER = "com.e-overhaul.JotMeUITests";
				PRODUCT_NAME = "$(TARGET_NAME)";
				SWIFT_EMIT_LOC_STRINGS = NO;
				SWIFT_VERSION = 5.0;
				TARGETED_DEVICE_FAMILY = "1,2";
				TEST_TARGET_NAME = JotMe;
			};
			name = Release;
		};
/* End XCBuildConfiguration section */

/* Begin XCConfigurationList section */
		496190EC2CDA8C4200281080 /* Build configuration list for PBXProject "JotMe" */ = {
			isa = XCConfigurationList;
			buildConfigurations = (
				496191132CDA8C4300281080 /* Debug */,
				496191142CDA8C4300281080 /* Release */,
			);
			defaultConfigurationIsVisible = 0;
			defaultConfigurationName = Release;
		};
		496191152CDA8C4300281080 /* Build configuration list for PBXNativeTarget "JotMe" */ = {
			isa = XCConfigurationList;
			buildConfigurations = (
				496191162CDA8C4300281080 /* Debug */,
				496191172CDA8C4300281080 /* Release */,
			);
			defaultConfigurationIsVisible = 0;
			defaultConfigurationName = Release;
		};
		496191182CDA8C4300281080 /* Build configuration list for PBXNativeTarget "JotMeTests" */ = {
			isa = XCConfigurationList;
			buildConfigurations = (
				496191192CDA8C4300281080 /* Debug */,
				4961911A2CDA8C4300281080 /* Release */,
			);
			defaultConfigurationIsVisible = 0;
			defaultConfigurationName = Release;
		};
		4961911B2CDA8C4300281080 /* Build configuration list for PBXNativeTarget "JotMeUITests" */ = {
			isa = XCConfigurationList;
			buildConfigurations = (
				4961911C2CDA8C4300281080 /* Debug */,
				4961911D2CDA8C4300281080 /* Release */,
			);
			defaultConfigurationIsVisible = 0;
			defaultConfigurationName = Release;
		};
/* End XCConfigurationList section */
	};
	rootObject = 496190E92CDA8C4200281080 /* Project object */;
}
